# THIS IS AN AUTOGENERATED FILE. DO NOT EDIT THIS FILE DIRECTLY.
# yarn lockfile v1


"three@file:packages/nested/three":
  version "1.0.0"

"two@file:packages/nested/two":
  version "1.0.0"
  dependencies:
    three "file:../../../../Library/Caches/Yarn/v6/npm-two-1.0.0-3be82545-3743-4c86-8eab-82397402373f-1624587810319/node_modules/three"
