# This file is generated by running "yarn install" inside your project.
# Manual changes might be lost - proceed with caution!

__metadata:
  version: 4
  cacheKey: 7

"one@workspace:packages/one":
  version: 0.0.0-use.local
  resolution: "one@workspace:packages/one"
  dependencies:
    two: "file:../nested/two"
  languageName: unknown
  linkType: soft

"root-workspace-0b6124@workspace:.":
  version: 0.0.0-use.local
  resolution: "root-workspace-0b6124@workspace:."
  languageName: unknown
  linkType: soft

"three@file:../three::locator=two%40file%3A..%2Fnested%2Ftwo%23..%2Fnested%2Ftwo%3A%3Ahash%3D6dcede%26locator%3Done%2540workspace%253Apackages%252Fone":
  version: 1.0.0
  resolution: "three@file:../three#../three::hash=ca0ac1&locator=two%40file%3A..%2Fnested%2Ftwo%23..%2Fnested%2Ftwo%3A%3Ahash%3D6dcede%26locator%3Done%2540workspace%253Apackages%252Fone"
  checksum: 1dba01e819a1617fdd3e664dbded6d7dc359074421ecbbe48f79c75518547276f410c7437b11e7933ebb1d74dfc4879adee31d95c11c7f5525955ee2f478071c
  languageName: node
  linkType: hard

"three@file:../three::locator=two%40workspace%3Apackages%2Fnested%2Ftwo":
  version: 1.0.0
  resolution: "three@file:../three#../three::hash=ca0ac1&locator=two%40workspace%3Apackages%2Fnested%2Ftwo"
  checksum: 1dba01e819a1617fdd3e664dbded6d7dc359074421ecbbe48f79c75518547276f410c7437b11e7933ebb1d74dfc4879adee31d95c11c7f5525955ee2f478071c
  languageName: node
  linkType: hard

"three@workspace:packages/nested/three":
  version: 0.0.0-use.local
  resolution: "three@workspace:packages/nested/three"
  languageName: unknown
  linkType: soft

"two@file:../nested/two::locator=one%40workspace%3Apackages%2Fone":
  version: 1.0.0
  resolution: "two@file:../nested/two#../nested/two::hash=6dcede&locator=one%40workspace%3Apackages%2Fone"
  dependencies:
    three: "file:../three"
  checksum: e0b07c4365faa6de0ce3c80051319593f779f2132e7a07682a11b43ad9fab434f92340cc7836a125e362a5d0ee78787e33390c08b598b2b7a4d4eecba5a6ab28
  languageName: node
  linkType: hard

"two@workspace:packages/nested/two":
  version: 0.0.0-use.local
  resolution: "two@workspace:packages/nested/two"
  dependencies:
    three: "file:../three"
  languageName: unknown
  linkType: soft
