# This file is generated by running "yarn install" inside your project.
# Manual changes might be lost - proceed with caution!

__metadata:
  version: 4
  cacheKey: 7

"three@file:../three::locator=two%40workspace%3A.":
  version: 1.0.0
  resolution: "three@file:../three#../three::hash=ca0ac1&locator=two%40workspace%3A."
  checksum: 1dba01e819a1617fdd3e664dbded6d7dc359074421ecbbe48f79c75518547276f410c7437b11e7933ebb1d74dfc4879adee31d95c11c7f5525955ee2f478071c
  languageName: node
  linkType: hard

"two@workspace:.":
  version: 0.0.0-use.local
  resolution: "two@workspace:."
  dependencies:
    three: "file:../three"
  languageName: unknown
  linkType: soft
