# This file is generated by running "yarn install" inside your project.
# Manual changes might be lost - proceed with caution!

__metadata:
  version: 4
  cacheKey: 7

"three@file:../three::locator=two%40workspace%3A.":
  version: 1.0.0
  resolution: "three@file:../three#../three::hash=043d76&locator=two%40workspace%3A."
  checksum: 8a49e50db1ba15cae5143f134e06f92f7efc61ca7181640d5d83e9e402140589522e3a437ac978e7fc3a93f2fc49c7072190c96880424d3e658414353b4d74bf
  languageName: node
  linkType: hard

"two@workspace:.":
  version: 0.0.0-use.local
  resolution: "two@workspace:."
  dependencies:
    three: "file:../three"
  languageName: unknown
  linkType: soft
