# This file is generated by running "yarn install" inside your project.
# Manual changes might be lost - proceed with caution!

__metadata:
  version: 4
  cacheKey: 7

"one@workspace:.":
  version: 0.0.0-use.local
  resolution: "one@workspace:."
  dependencies:
    two: "file:../nested/two"
  languageName: unknown
  linkType: soft

"three@file:../three::locator=two%40file%3A..%2Fnested%2Ftwo%23..%2Fnested%2Ftwo%3A%3Ahash%3D4a56d3%26locator%3Done%2540workspace%253A.":
  version: 1.0.0
  resolution: "three@file:../three#../three::hash=043d76&locator=two%40file%3A..%2Fnested%2Ftwo%23..%2Fnested%2Ftwo%3A%3Ahash%3D4a56d3%26locator%3Done%2540workspace%253A."
  checksum: 8a49e50db1ba15cae5143f134e06f92f7efc61ca7181640d5d83e9e402140589522e3a437ac978e7fc3a93f2fc49c7072190c96880424d3e658414353b4d74bf
  languageName: node
  linkType: hard

"two@file:../nested/two::locator=one%40workspace%3A.":
  version: 1.0.0
  resolution: "two@file:../nested/two#../nested/two::hash=4a56d3&locator=one%40workspace%3A."
  dependencies:
    three: "file:../three"
  checksum: 23faf92f1157cdaa4cc873750ce2999a11efc69df557936c18eb0e4ae3543de08280a2f30b9eb6acb51169ba2ff239fcf6911fdf6d086ebe23f655df8c6eecf6
  languageName: node
  linkType: hard
