# This file is generated by running "yarn install" inside your project.
# Manual changes might be lost - proceed with caution!

__metadata:
  version: 4
  cacheKey: 7

"one@workspace:.":
  version: 0.0.0-use.local
  resolution: "one@workspace:."
  dependencies:
    two: "file:../nested/two"
  languageName: unknown
  linkType: soft

"three@file:../three::locator=two%40file%3A..%2Fnested%2Ftwo%23..%2Fnested%2Ftwo%3A%3Ahash%3D854fea%26locator%3Done%2540workspace%253A.":
  version: 1.0.0
  resolution: "three@file:../three#../three::hash=ca0ac1&locator=two%40file%3A..%2Fnested%2Ftwo%23..%2Fnested%2Ftwo%3A%3Ahash%3D854fea%26locator%3Done%2540workspace%253A."
  checksum: 1dba01e819a1617fdd3e664dbded6d7dc359074421ecbbe48f79c75518547276f410c7437b11e7933ebb1d74dfc4879adee31d95c11c7f5525955ee2f478071c
  languageName: node
  linkType: hard

"two@file:../nested/two::locator=one%40workspace%3A.":
  version: 1.0.0
  resolution: "two@file:../nested/two#../nested/two::hash=854fea&locator=one%40workspace%3A."
  dependencies:
    three: "file:../three"
  checksum: 3fac7b1097ff8020e7bb7d10971e828a28c0931b1845e7385e7e513e1847b3ebf75d505f3ef0c215680f69b459d480a710b252f030e9a423b06e545895744114
  languageName: node
  linkType: hard
