# THIS IS AN AUTOGENERATED FILE. DO NOT EDIT THIS FILE DIRECTLY.
# yarn lockfile v1


"three@file:../nested/three":
  version "1.0.0"

"two@file:../nested/two":
  version "1.0.0"
  dependencies:
    three "file:../../../../../../Library/Caches/Yarn/v6/npm-two-1.0.0-6b33cef9-3d3e-4e34-8187-895d54f9451d-1624546610982/node_modules/three"
